// !$*UTF8*$!
{
	archiveVersion = 1;
	classes = {
	};
	objectVersion = 56;
	objects = {

/* Begin PBXBuildFile section */
		72CD0E0F2A265A8C0068D58A /* IfElseTrain.swift in Sources */ = {isa = PBXBuildFile; fileRef = 72CD0E092A265A8C0068D58A /* IfElseTrain.swift */; };
		72CD0E102A265A8C0068D58A /* TrainCar.swift in Sources */ = {isa = PBXBuildFile; fileRef = 72CD0E0A2A265A8C0068D58A /* TrainCar.swift */; };
		72CD0E112A265A8C0068D58A /* CaptionedPhoto.swift in Sources */ = {isa = PBXBuildFile; fileRef = 72CD0E0B2A265A8C0068D58A /* CaptionedPhoto.swift */; };
		72CD0E122A265A8C0068D58A /* leafImage.swift in Sources */ = {isa = PBXBuildFile; fileRef = 72CD0E0C2A265A8C0068D58A /* leafImage.swift */; };
		72CD0E132A265A8C0068D58A /* Event.swift in Sources */ = {isa = PBXBuildFile; fileRef = 72CD0E0D2A265A8C0068D58A /* Event.swift */; };
		72EF31262A1F80690094FD14 /* SwiftUIConceptApp.swift in Sources */ = {isa = PBXBuildFile; fileRef = 72EF31252A1F80690094FD14 /* SwiftUIConceptApp.swift */; };
		72EF31282A1F80690094FD14 /* myScene.swift in Sources */ = {isa = PBXBuildFile; fileRef = 72EF31272A1F80690094FD14 /* myScene.swift */; };
		72EF312A2A1F806B0094FD14 /* Assets.xcassets in Resources */ = {isa = PBXBuildFile; fileRef = 72EF31292A1F806B0094FD14 /* Assets.xcassets */; };
		72EF312D2A1F806B0094FD14 /* Preview Assets.xcassets in Resources */ = {isa = PBXBuildFile; fileRef = 72EF312C2A1F806B0094FD14 /* Preview Assets.xcassets */; };
		72EF31342A1F91040094FD14 /* MyAlternativeScene.swift in Sources */ = {isa = PBXBuildFile; fileRef = 72EF31332A1F91040094FD14 /* MyAlternativeScene.swift */; };
		72EF31362A1F95D20094FD14 /* KeywordBubble.swift in Sources */ = {isa = PBXBuildFile; fileRef = 72EF31352A1F95D20094FD14 /* KeywordBubble.swift */; };
/* End PBXBuildFile section */

/* Begin PBXFileReference section */
		72CD0E092A265A8C0068D58A /* IfElseTrain.swift */ = {isa = PBXFileReference; fileEncoding = 4; lastKnownFileType = sourcecode.swift; path = IfElseTrain.swift; sourceTree = "<group>"; };
		72CD0E0A2A265A8C0068D58A /* TrainCar.swift */ = {isa = PBXFileReference; fileEncoding = 4; lastKnownFileType = sourcecode.swift; path = TrainCar.swift; sourceTree = "<group>"; };
		72CD0E0B2A265A8C0068D58A /* CaptionedPhoto.swift */ = {isa = PBXFileReference; fileEncoding = 4; lastKnownFileType = sourcecode.swift; path = CaptionedPhoto.swift; sourceTree = "<group>"; };
		72CD0E0C2A265A8C0068D58A /* leafImage.swift */ = {isa = PBXFileReference; fileEncoding = 4; lastKnownFileType = sourcecode.swift; path = leafImage.swift; sourceTree = "<group>"; };
		72CD0E0D2A265A8C0068D58A /* Event.swift */ = {isa = PBXFileReference; fileEncoding = 4; lastKnownFileType = sourcecode.swift; path = Event.swift; sourceTree = "<group>"; };
		72EF31222A1F80690094FD14 /* SwiftUIConcept.app */ = {isa = PBXFileReference; explicitFileType = wrapper.application; includeInIndex = 0; path = SwiftUIConcept.app; sourceTree = BUILT_PRODUCTS_DIR; };
		72EF31252A1F80690094FD14 /* SwiftUIConceptApp.swift */ = {isa = PBXFileReference; lastKnownFileType = sourcecode.swift; path = SwiftUIConceptApp.swift; sourceTree = "<group>"; };
		72EF31272A1F80690094FD14 /* myScene.swift */ = {isa = PBXFileReference; lastKnownFileType = sourcecode.swift; path = myScene.swift; sourceTree = "<group>"; };
		72EF31292A1F806B0094FD14 /* Assets.xcassets */ = {isa = PBXFileReference; lastKnownFileType = folder.assetcatalog; path = Assets.xcassets; sourceTree = "<group>"; };
		72EF312C2A1F806B0094FD14 /* Preview Assets.xcassets */ = {isa = PBXFileReference; lastKnownFileType = folder.assetcatalog; path = "Preview Assets.xcassets"; sourceTree = "<group>"; };
		72EF31332A1F91040094FD14 /* MyAlternativeScene.swift */ = {isa = PBXFileReference; lastKnownFileType = sourcecode.swift; path = MyAlternativeScene.swift; sourceTree = "<group>"; };
		72EF31352A1F95D20094FD14 /* KeywordBubble.swift */ = {isa = PBXFileReference; lastKnownFileType = sourcecode.swift; path = KeywordBubble.swift; sourceTree = "<group>"; };
/* End PBXFileReference section */

/* Begin PBXFrameworksBuildPhase section */
		72EF311F2A1F80690094FD14 /* Frameworks */ = {
			isa = PBXFrameworksBuildPhase;
			buildActionMask = 2147483647;
			files = (
			);
			runOnlyForDeploymentPostprocessing = 0;
		};
/* End PBXFrameworksBuildPhase section */

/* Begin PBXGroup section */
		72EF31192A1F80690094FD14 = {
			isa = PBXGroup;
			children = (
				72EF31242A1F80690094FD14 /* SwiftUIConcept */,
				72EF31232A1F80690094FD14 /* Products */,
			);
			sourceTree = "<group>";
		};
		72EF31232A1F80690094FD14 /* Products */ = {
			isa = PBXGroup;
			children = (
				72EF31222A1F80690094FD14 /* SwiftUIConcept.app */,
			);
			name = Products;
			sourceTree = "<group>";
		};
		72EF31242A1F80690094FD14 /* SwiftUIConcept */ = {
			isa = PBXGroup;
			children = (
				72CD0E0B2A265A8C0068D58A /* CaptionedPhoto.swift */,
				72CD0E0D2A265A8C0068D58A /* Event.swift */,
				72CD0E092A265A8C0068D58A /* IfElseTrain.swift */,
				72CD0E0C2A265A8C0068D58A /* leafImage.swift */,
				72CD0E0A2A265A8C0068D58A /* TrainCar.swift */,
				72EF31252A1F80690094FD14 /* SwiftUIConceptApp.swift */,
				72EF31352A1F95D20094FD14 /* KeywordBubble.swift */,
				72EF31272A1F80690094FD14 /* myScene.swift */,
				72EF31332A1F91040094FD14 /* MyAlternativeScene.swift */,
				72EF31292A1F806B0094FD14 /* Assets.xcassets */,
				72EF312B2A1F806B0094FD14 /* Preview Content */,
			);
			path = SwiftUIConcept;
			sourceTree = "<group>";
		};
		72EF312B2A1F806B0094FD14 /* Preview Content */ = {
			isa = PBXGroup;
			children = (
				72EF312C2A1F806B0094FD14 /* Preview Assets.xcassets */,
			);
			path = "Preview Content";
			sourceTree = "<group>";
		};
/* End PBXGroup section */

/* Begin PBXNativeTarget section */
		72EF31212A1F80690094FD14 /* SwiftUIConcept */ = {
			isa = PBXNativeTarget;
			buildConfigurationList = 72EF31302A1F806B0094FD14 /* Build configuration list for PBXNativeTarget "SwiftUIConcept" */;
			buildPhases = (
				72EF311E2A1F80690094FD14 /* Sources */,
				72EF311F2A1F80690094FD14 /* Frameworks */,
				72EF31202A1F80690094FD14 /* Resources */,
			);
			buildRules = (
			);
			dependencies = (
			);
			name = SwiftUIConcept;
			productName = SwiftUIConcept;
			productReference = 72EF31222A1F80690094FD14 /* SwiftUIConcept.app */;
			productType = "com.apple.product-type.application";
		};
/* End PBXNativeTarget section */

/* Begin PBXProject section */
		72EF311A2A1F80690094FD14 /* Project object */ = {
			isa = PBXProject;
			attributes = {
				BuildIndependentTargetsInParallel = 1;
				LastSwiftUpdateCheck = 1410;
				LastUpgradeCheck = 1410;
				TargetAttributes = {
					72EF31212A1F80690094FD14 = {
						CreatedOnToolsVersion = 14.1;
					};
				};
			};
			buildConfigurationList = 72EF311D2A1F80690094FD14 /* Build configuration list for PBXProject "SwiftUIConcept" */;
			compatibilityVersion = "Xcode 14.0";
			developmentRegion = en;
			hasScannedForEncodings = 0;
			knownRegions = (
				en,
				Base,
			);
			mainGroup = 72EF31192A1F80690094FD14;
			productRefGroup = 72EF31232A1F80690094FD14 /* Products */;
			projectDirPath = "";
			projectRoot = "";
			targets = (
				72EF31212A1F80690094FD14 /* SwiftUIConcept */,
			);
		};
/* End PBXProject section */

/* Begin PBXResourcesBuildPhase section */
		72EF31202A1F80690094FD14 /* Resources */ = {
			isa = PBXResourcesBuildPhase;
			buildActionMask = 2147483647;
			files = (
				72EF312D2A1F806B0094FD14 /* Preview Assets.xcassets in Resources */,
				72EF312A2A1F806B0094FD14 /* Assets.xcassets in Resources */,
			);
			runOnlyForDeploymentPostprocessing = 0;
		};
/* End PBXResourcesBuildPhase section */

/* Begin PBXSourcesBuildPhase section */
		72EF311E2A1F80690094FD14 /* Sources */ = {
			isa = PBXSourcesBuildPhase;
			buildActionMask = 2147483647;
			files = (
				72EF31282A1F80690094FD14 /* myScene.swift in Sources */,
				72CD0E132A265A8C0068D58A /* Event.swift in Sources */,
				72EF31342A1F91040094FD14 /* MyAlternativeScene.swift in Sources */,
				72EF31362A1F95D20094FD14 /* KeywordBubble.swift in Sources */,
				72CD0E122A265A8C0068D58A /* leafImage.swift in Sources */,
				72CD0E102A265A8C0068D58A /* TrainCar.swift in Sources */,
				72CD0E0F2A265A8C0068D58A /* IfElseTrain.swift in Sources */,
				72CD0E112A265A8C0068D58A /* CaptionedPhoto.swift in Sources */,
				72EF31262A1F80690094FD14 /* SwiftUIConceptApp.swift in Sources */,
			);
			runOnlyForDeploymentPostprocessing = 0;
		};
/* End PBXSourcesBuildPhase section */

/* Begin XCBuildConfiguration section */
		72EF312E2A1F806B0094FD14 /* Debug */ = {
			isa = XCBuildConfiguration;
			buildSettings = {
				ALWAYS_SEARCH_USER_PATHS = NO;
				CLANG_ANALYZER_NONNULL = YES;
				CLANG_ANALYZER_NUMBER_OBJECT_CONVERSION = YES_AGGRESSIVE;
				CLANG_CXX_LANGUAGE_STANDARD = "gnu++20";
				CLANG_ENABLE_MODULES = YES;
				CLANG_ENABLE_OBJC_ARC = YES;
				CLANG_ENABLE_OBJC_WEAK = YES;
				CLANG_WARN_BLOCK_CAPTURE_AUTORELEASING = YES;
				CLANG_WARN_BOOL_CONVERSION = YES;
				CLANG_WARN_COMMA = YES;
				CLANG_WARN_CONSTANT_CONVERSION = YES;
				CLANG_WARN_DEPRECATED_OBJC_IMPLEMENTATIONS = YES;
				CLANG_WARN_DIRECT_OBJC_ISA_USAGE = YES_ERROR;
				CLANG_WARN_DOCUMENTATION_COMMENTS = YES;
				CLANG_WARN_EMPTY_BODY = YES;
				CLANG_WARN_ENUM_CONVERSION = YES;
				CLANG_WARN_INFINITE_RECURSION = YES;
				CLANG_WARN_INT_CONVERSION = YES;
				CLANG_WARN_NON_LITERAL_NULL_CONVERSION = YES;
				CLANG_WARN_OBJC_IMPLICIT_RETAIN_SELF = YES;
				CLANG_WARN_OBJC_LITERAL_CONVERSION = YES;
				CLANG_WARN_OBJC_ROOT_CLASS = YES_ERROR;
				CLANG_WARN_QUOTED_INCLUDE_IN_FRAMEWORK_HEADER = YES;
				CLANG_WARN_RANGE_LOOP_ANALYSIS = YES;
				CLANG_WARN_STRICT_PROTOTYPES = YES;
				CLANG_WARN_SUSPICIOUS_MOVE = YES;
				CLANG_WARN_UNGUARDED_AVAILABILITY = YES_AGGRESSIVE;
				CLANG_WARN_UNREACHABLE_CODE = YES;
				CLANG_WARN__DUPLICATE_METHOD_MATCH = YES;
				COPY_PHASE_STRIP = NO;
				DEBUG_INFORMATION_FORMAT = dwarf;
				ENABLE_STRICT_OBJC_MSGSEND = YES;
				ENABLE_TESTABILITY = YES;
				GCC_C_LANGUAGE_STANDARD = gnu11;
				GCC_DYNAMIC_NO_PIC = NO;
				GCC_NO_COMMON_BLOCKS = YES;
				GCC_OPTIMIZATION_LEVEL = 0;
				GCC_PREPROCESSOR_DEFINITIONS = (
					"DEBUG=1",
					"$(inherited)",
				);
				GCC_WARN_64_TO_32_BIT_CONVERSION = YES;
				GCC_WARN_ABOUT_RETURN_TYPE = YES_ERROR;
				GCC_WARN_UNDECLARED_SELECTOR = YES;
				GCC_WARN_UNINITIALIZED_AUTOS = YES_AGGRESSIVE;
				GCC_WARN_UNUSED_FUNCTION = YES;
				GCC_WARN_UNUSED_VARIABLE = YES;
				IPHONEOS_DEPLOYMENT_TARGET = 16.1;
				MTL_ENABLE_DEBUG_INFO = INCLUDE_SOURCE;
				MTL_FAST_MATH = YES;
				ONLY_ACTIVE_ARCH = YES;
				SDKROOT = iphoneos;
				SWIFT_ACTIVE_COMPILATION_CONDITIONS = DEBUG;
				SWIFT_OPTIMIZATION_LEVEL = "-Onone";
			};
			name = Debug;
		};
		72EF312F2A1F806B0094FD14 /* Release */ = {
			isa = XCBuildConfiguration;
			buildSettings = {
				ALWAYS_SEARCH_USER_PATHS = NO;
				CLANG_ANALYZER_NONNULL = YES;
				CLANG_ANALYZER_NUMBER_OBJECT_CONVERSION = YES_AGGRESSIVE;
				CLANG_CXX_LANGUAGE_STANDARD = "gnu++20";
				CLANG_ENABLE_MODULES = YES;
				CLANG_ENABLE_OBJC_ARC = YES;
				CLANG_ENABLE_OBJC_WEAK = YES;
				CLANG_WARN_BLOCK_CAPTURE_AUTORELEASING = YES;
				CLANG_WARN_BOOL_CONVERSION = YES;
				CLANG_WARN_COMMA = YES;
				CLANG_WARN_CONSTANT_CONVERSION = YES;
				CLANG_WARN_DEPRECATED_OBJC_IMPLEMENTATIONS = YES;
				CLANG_WARN_DIRECT_OBJC_ISA_USAGE = YES_ERROR;
				CLANG_WARN_DOCUMENTATION_COMMENTS = YES;
				CLANG_WARN_EMPTY_BODY = YES;
				CLANG_WARN_ENUM_CONVERSION = YES;
				CLANG_WARN_INFINITE_RECURSION = YES;
				CLANG_WARN_INT_CONVERSION = YES;
				CLANG_WARN_NON_LITERAL_NULL_CONVERSION = YES;
				CLANG_WARN_OBJC_IMPLICIT_RETAIN_SELF = YES;
				CLANG_WARN_OBJC_LITERAL_CONVERSION = YES;
				CLANG_WARN_OBJC_ROOT_CLASS = YES_ERROR;
				CLANG_WARN_QUOTED_INCLUDE_IN_FRAMEWORK_HEADER = YES;
				CLANG_WARN_RANGE_LOOP_ANALYSIS = YES;
				CLANG_WARN_STRICT_PROTOTYPES = YES;
				CLANG_WARN_SUSPICIOUS_MOVE = YES;
				CLANG_WARN_UNGUARDED_AVAILABILITY = YES_AGGRESSIVE;
				CLANG_WARN_UNREACHABLE_CODE = YES;
				CLANG_WARN__DUPLICATE_METHOD_MATCH = YES;
				COPY_PHASE_STRIP = NO;
				DEBUG_INFORMATION_FORMAT = "dwarf-with-dsym";
				ENABLE_NS_ASSERTIONS = NO;
				ENABLE_STRICT_OBJC_MSGSEND = YES;
				GCC_C_LANGUAGE_STANDARD = gnu11;
				GCC_NO_COMMON_BLOCKS = YES;
				GCC_WARN_64_TO_32_BIT_CONVERSION = YES;
				GCC_WARN_ABOUT_RETURN_TYPE = YES_ERROR;
				GCC_WARN_UNDECLARED_SELECTOR = YES;
				GCC_WARN_UNINITIALIZED_AUTOS = YES_AGGRESSIVE;
				GCC_WARN_UNUSED_FUNCTION = YES;
				GCC_WARN_UNUSED_VARIABLE = YES;
				IPHONEOS_DEPLOYMENT_TARGET = 16.1;
				MTL_ENABLE_DEBUG_INFO = NO;
				MTL_FAST_MATH = YES;
				SDKROOT = iphoneos;
				SWIFT_COMPILATION_MODE = wholemodule;
				SWIFT_OPTIMIZATION_LEVEL = "-O";
				VALIDATE_PRODUCT = YES;
			};
			name = Release;
		};
		72EF31312A1F806B0094FD14 /* Debug */ = {
			isa = XCBuildConfiguration;
			buildSettings = {
				ASSETCATALOG_COMPILER_APPICON_NAME = AppIcon;
				ASSETCATALOG_COMPILER_GLOBAL_ACCENT_COLOR_NAME = AccentColor;
				CODE_SIGN_STYLE = Automatic;
				CURRENT_PROJECT_VERSION = 1;
				DEVELOPMENT_ASSET_PATHS = "\"SwiftUIConcept/Preview Content\"";
				DEVELOPMENT_TEAM = RJQGMF9477;
				ENABLE_PREVIEWS = YES;
				GENERATE_INFOPLIST_FILE = YES;
				INFOPLIST_KEY_UIApplicationSceneManifest_Generation = YES;
				INFOPLIST_KEY_UIApplicationSupportsIndirectInputEvents = YES;
				INFOPLIST_KEY_UILaunchScreen_Generation = YES;
				INFOPLIST_KEY_UISupportedInterfaceOrientations_iPad = "UIInterfaceOrientationPortrait UIInterfaceOrientationPortraitUpsideDown UIInterfaceOrientationLandscapeLeft UIInterfaceOrientationLandscapeRight";
				INFOPLIST_KEY_UISupportedInterfaceOrientations_iPhone = "UIInterfaceOrientationPortrait UIInterfaceOrientationLandscapeLeft UIInterfaceOrientationLandscapeRight";
				LD_RUNPATH_SEARCH_PATHS = (
					"$(inherited)",
					"@executable_path/Frameworks",
				);
				MARKETING_VERSION = 1.0;
				PRODUCT_BUNDLE_IDENTIFIER = com.wingheitsui.SwiftUIConcept;
				PRODUCT_NAME = "$(TARGET_NAME)";
				SWIFT_EMIT_LOC_STRINGS = YES;
				SWIFT_VERSION = 5.0;
				TARGETED_DEVICE_FAMILY = "1,2";
			};
			name = Debug;
		};
		72EF31322A1F806B0094FD14 /* Release */ = {
			isa = XCBuildConfiguration;
			buildSettings = {
				ASSETCATALOG_COMPILER_APPICON_NAME = AppIcon;
				ASSETCATALOG_COMPILER_GLOBAL_ACCENT_COLOR_NAME = AccentColor;
				CODE_SIGN_STYLE = Automatic;
				CURRENT_PROJECT_VERSION = 1;
				DEVELOPMENT_ASSET_PATHS = "\"SwiftUIConcept/Preview Content\"";
				DEVELOPMENT_TEAM = RJQGMF9477;
				ENABLE_PREVIEWS = YES;
				GENERATE_INFOPLIST_FILE = YES;
				INFOPLIST_KEY_UIApplicationSceneManifest_Generation = YES;
				INFOPLIST_KEY_UIApplicationSupportsIndirectInputEvents = YES;
				INFOPLIST_KEY_UILaunchScreen_Generation = YES;
				INFOPLIST_KEY_UISupportedInterfaceOrientations_iPad = "UIInterfaceOrientationPortrait UIInterfaceOrientationPortraitUpsideDown UIInterfaceOrientationLandscapeLeft UIInterfaceOrientationLandscapeRight";
				INFOPLIST_KEY_UISupportedInterfaceOrientations_iPhone = "UIInterfaceOrientationPortrait UIInterfaceOrientationLandscapeLeft UIInterfaceOrientationLandscapeRight";
				LD_RUNPATH_SEARCH_PATHS = (
					"$(inherited)",
					"@executable_path/Frameworks",
				);
				MARKETING_VERSION = 1.0;
				PRODUCT_BUNDLE_IDENTIFIER = com.wingheitsui.SwiftUIConcept;
				PRODUCT_NAME = "$(TARGET_NAME)";
				SWIFT_EMIT_LOC_STRINGS = YES;
				SWIFT_VERSION = 5.0;
				TARGETED_DEVICE_FAMILY = "1,2";
			};
			name = Release;
		};
/* End XCBuildConfiguration section */

/* Begin XCConfigurationList section */
		72EF311D2A1F80690094FD14 /* Build configuration list for PBXProject "SwiftUIConcept" */ = {
			isa = XCConfigurationList;
			buildConfigurations = (
				72EF312E2A1F806B0094FD14 /* Debug */,
				72EF312F2A1F806B0094FD14 /* Release */,
			);
			defaultConfigurationIsVisible = 0;
			defaultConfigurationName = Release;
		};
		72EF31302A1F806B0094FD14 /* Build configuration list for PBXNativeTarget "SwiftUIConcept" */ = {
			isa = XCConfigurationList;
			buildConfigurations = (
				72EF31312A1F806B0094FD14 /* Debug */,
				72EF31322A1F806B0094FD14 /* Release */,
			);
			defaultConfigurationIsVisible = 0;
			defaultConfigurationName = Release;
		};
/* End XCConfigurationList section */
	};
	rootObject = 72EF311A2A1F80690094FD14 /* Project object */;
}
